
Microsoft Visual Studio Solution File, Format Version 12.00
# Visual Studio Version 17
VisualStudioVersion = 17.3.32819.101
MinimumVisualStudioVersion = 10.0.40219.1
Project("{9A19103F-16F7-4668-BE54-9A1E7A4F7556}") = "Core", "Core\Core.csproj", "{FD47ECB7-8D0C-4AD0-9E51-FDECF24E333C}"
EndProject
Project("{9A19103F-16F7-4668-BE54-9A1E7A4F7556}") = "Infraestructura", "Infraestructura\Infraestructura.csproj", "{53239906-323C-4F6E-B0F7-DA3AB9DE8347}"
EndProject
Project("{FAE04EC0-301F-11D3-BF4B-00C04F79EFBC}") = "API", "API\API.csproj", "{32E363ED-98E8-4AB6-9F98-4A0966B12F9C}"
EndProject
Global
	GlobalSection(SolutionConfigurationPlatforms) = preSolution
		Debug|Any CPU = Debug|Any CPU
		Release|Any CPU = Release|Any CPU
	EndGlobalSection
	GlobalSection(ProjectConfigurationPlatforms) = postSolution
		{FD47ECB7-8D0C-4AD0-9E51-FDECF24E333C}.Debug|Any CPU.ActiveCfg = Debug|Any CPU
		{FD47ECB7-8D0C-4AD0-9E51-FDECF24E333C}.Debug|Any CPU.Build.0 = Debug|Any CPU
		{FD47ECB7-8D0C-4AD0-9E51-FDECF24E333C}.Release|Any CPU.ActiveCfg = Release|Any CPU
		{FD47ECB7-8D0C-4AD0-9E51-FDECF24E333C}.Release|Any CPU.Build.0 = Release|Any CPU
		{53239906-323C-4F6E-B0F7-DA3AB9DE8347}.Debug|Any CPU.ActiveCfg = Debug|Any CPU
		{53239906-323C-4F6E-B0F7-DA3AB9DE8347}.Debug|Any CPU.Build.0 = Debug|Any CPU
		{53239906-323C-4F6E-B0F7-DA3AB9DE8347}.Release|Any CPU.ActiveCfg = Release|Any CPU
		{53239906-323C-4F6E-B0F7-DA3AB9DE8347}.Release|Any CPU.Build.0 = Release|Any CPU
		{32E363ED-98E8-4AB6-9F98-4A0966B12F9C}.Debug|Any CPU.ActiveCfg = Debug|Any CPU
		{32E363ED-98E8-4AB6-9F98-4A0966B12F9C}.Debug|Any CPU.Build.0 = Debug|Any CPU
		{32E363ED-98E8-4AB6-9F98-4A0966B12F9C}.Release|Any CPU.ActiveCfg = Release|Any CPU
		{32E363ED-98E8-4AB6-9F98-4A0966B12F9C}.Release|Any CPU.Build.0 = Release|Any CPU
	EndGlobalSection
	GlobalSection(SolutionProperties) = preSolution
		HideSolutionNode = FALSE
	EndGlobalSection
	GlobalSection(ExtensibilityGlobals) = postSolution
		SolutionGuid = {E6B1BE64-A82A-44CF-832B-CD0AE97F251B}
	EndGlobalSection
EndGlobal
